
Microsoft Visual Studio Solution File, Format Version 12.00
# Visual Studio Version 17
VisualStudioVersion = 17.5.33530.505
MinimumVisualStudioVersion = 10.0.40219.1
Project("{FAE04EC0-301F-11D3-BF4B-00C04F79EFBC}") = "Bug Tracker", "Bug Tracker\Bug Tracker.csproj", "{57788B2B-3FF8-4B80-8E25-030C6F1BD52A}"
EndProject
Global
	GlobalSection(SolutionConfigurationPlatforms) = preSolution
		Debug|Any CPU = Debug|Any CPU
		Release|Any CPU = Release|Any CPU
	EndGlobalSection
	GlobalSection(ProjectConfigurationPlatforms) = postSolution
		{57788B2B-3FF8-4B80-8E25-030C6F1BD52A}.Debug|Any CPU.ActiveCfg = Debug|Any CPU
		{57788B2B-3FF8-4B80-8E25-030C6F1BD52A}.Debug|Any CPU.Build.0 = Debug|Any CPU
		{57788B2B-3FF8-4B80-8E25-030C6F1BD52A}.Release|Any CPU.ActiveCfg = Release|Any CPU
		{57788B2B-3FF8-4B80-8E25-030C6F1BD52A}.Release|Any CPU.Build.0 = Release|Any CPU
	EndGlobalSection
	GlobalSection(SolutionProperties) = preSolution
		HideSolutionNode = FALSE
	EndGlobalSection
	GlobalSection(ExtensibilityGlobals) = postSolution
		SolutionGuid = {2F6B5748-A03E-4EA3-9AA2-A72817457606}
	EndGlobalSection
EndGlobal
